
Microsoft Visual Studio Solution File, Format Version 12.00
# Visual Studio Version 17
VisualStudioVersion = 17.6.33829.357
MinimumVisualStudioVersion = 10.0.40219.1
Project("{9A19103F-16F7-4668-BE54-9A1E7A4F7556}") = "Logger", "Logger\Logger.csproj", "{E6F2A3CA-BE5E-44A6-83BF-F5D16FED461B}"
EndProject
Project("{9A19103F-16F7-4668-BE54-9A1E7A4F7556}") = "PermissionElevator", "PermissionElevator\PermissionElevator.csproj", "{11E2B137-30FC-49F2-9596-0AF6743B0C29}"
EndProject
Project("{9A19103F-16F7-4668-BE54-9A1E7A4F7556}") = "LockscreenGif", "LockScreenGif\LockscreenGif.csproj", "{2B02598D-AE15-4590-A2C6-47487D4FF769}"
EndProject
Global
	GlobalSection(SolutionConfigurationPlatforms) = preSolution
		Debug|Any CPU = Debug|Any CPU
		Debug|x64 = Debug|x64
		Release|Any CPU = Release|Any CPU
		Release|x64 = Release|x64
	EndGlobalSection
	GlobalSection(ProjectConfigurationPlatforms) = postSolution
		{E6F2A3CA-BE5E-44A6-83BF-F5D16FED461B}.Debug|Any CPU.ActiveCfg = Debug|Any CPU
		{E6F2A3CA-BE5E-44A6-83BF-F5D16FED461B}.Debug|Any CPU.Build.0 = Debug|Any CPU
		{E6F2A3CA-BE5E-44A6-83BF-F5D16FED461B}.Debug|x64.ActiveCfg = Debug|Any CPU
		{E6F2A3CA-BE5E-44A6-83BF-F5D16FED461B}.Debug|x64.Build.0 = Debug|Any CPU
		{E6F2A3CA-BE5E-44A6-83BF-F5D16FED461B}.Release|Any CPU.ActiveCfg = Release|Any CPU
		{E6F2A3CA-BE5E-44A6-83BF-F5D16FED461B}.Release|Any CPU.Build.0 = Release|Any CPU
		{E6F2A3CA-BE5E-44A6-83BF-F5D16FED461B}.Release|x64.ActiveCfg = Release|Any CPU
		{E6F2A3CA-BE5E-44A6-83BF-F5D16FED461B}.Release|x64.Build.0 = Release|Any CPU
		{11E2B137-30FC-49F2-9596-0AF6743B0C29}.Debug|Any CPU.ActiveCfg = Debug|Any CPU
		{11E2B137-30FC-49F2-9596-0AF6743B0C29}.Debug|Any CPU.Build.0 = Debug|Any CPU
		{11E2B137-30FC-49F2-9596-0AF6743B0C29}.Debug|x64.ActiveCfg = Debug|Any CPU
		{11E2B137-30FC-49F2-9596-0AF6743B0C29}.Debug|x64.Build.0 = Debug|Any CPU
		{11E2B137-30FC-49F2-9596-0AF6743B0C29}.Release|Any CPU.ActiveCfg = Release|Any CPU
		{11E2B137-30FC-49F2-9596-0AF6743B0C29}.Release|Any CPU.Build.0 = Release|Any CPU
		{11E2B137-30FC-49F2-9596-0AF6743B0C29}.Release|x64.ActiveCfg = Release|Any CPU
		{11E2B137-30FC-49F2-9596-0AF6743B0C29}.Release|x64.Build.0 = Release|Any CPU
		{2B02598D-AE15-4590-A2C6-47487D4FF769}.Debug|Any CPU.ActiveCfg = Debug|x64
		{2B02598D-AE15-4590-A2C6-47487D4FF769}.Debug|Any CPU.Build.0 = Debug|x64
		{2B02598D-AE15-4590-A2C6-47487D4FF769}.Debug|x64.ActiveCfg = Debug|x64
		{2B02598D-AE15-4590-A2C6-47487D4FF769}.Debug|x64.Build.0 = Debug|x64
		{2B02598D-AE15-4590-A2C6-47487D4FF769}.Release|Any CPU.ActiveCfg = Release|x64
		{2B02598D-AE15-4590-A2C6-47487D4FF769}.Release|Any CPU.Build.0 = Release|x64
		{2B02598D-AE15-4590-A2C6-47487D4FF769}.Release|x64.ActiveCfg = Release|x64
		{2B02598D-AE15-4590-A2C6-47487D4FF769}.Release|x64.Build.0 = Release|x64
	EndGlobalSection
	GlobalSection(SolutionProperties) = preSolution
		HideSolutionNode = FALSE
	EndGlobalSection
	GlobalSection(ExtensibilityGlobals) = postSolution
		SolutionGuid = {0095E435-42ED-4CEF-8C3F-B47FFC2D0D36}
	EndGlobalSection
EndGlobal
